
Microsoft Visual Studio Solution File, Format Version 12.00
# Visual Studio 14
VisualStudioVersion = 14.0.24720.0
MinimumVisualStudioVersion = 10.0.40219.1
Project("{FAE04EC0-301F-11D3-BF4B-00C04F79EFBC}") = "VspWS.MessageReceiverService", "VspWS.MessageReceiverService\VspWS.MessageReceiverService.csproj", "{C44E01E3-4023-47D2-AE39-6C5EDBD3B2F6}"
EndProject
Project("{FAE04EC0-301F-11D3-BF4B-00C04F79EFBC}") = "VspWS.MessageProcessorService", "VspWS.MessageProcessorService\VspWS.MessageProcessorService.csproj", "{110745E8-6004-46CA-8499-6977998C0408}"
EndProject
Project("{2150E333-8FDC-42A3-9474-1A3956D46DE8}") = "Solution Items", "Solution Items", "{92BF1CCA-645C-4523-A3A5-8FD2DF8341CC}"
	ProjectSection(SolutionItems) = preProject
		..\.gitattributes = ..\.gitattributes
		..\.gitignore = ..\.gitignore
		Local.testsettings = Local.testsettings
		UnitTestResults.trx = UnitTestResults.trx
	EndProjectSection
EndProject
Project("{2150E333-8FDC-42A3-9474-1A3956D46DE8}") = "Tests", "Tests", "{EC122AFD-7475-4DD4-9B05-3D8EF4A0D83A}"
	ProjectSection(SolutionItems) = preProject
		Tests\ProcessorServiceTests.jmx = Tests\ProcessorServiceTests.jmx
		Tests\ReceiverServiceTests.jmx = Tests\ReceiverServiceTests.jmx
	EndProjectSection
EndProject
Project("{FAE04EC0-301F-11D3-BF4B-00C04F79EFBC}") = "VspWS.Common", "VspWS.Common\VspWS.Common.csproj", "{FFB54664-81E0-46B9-9320-88D2D805AC20}"
EndProject
Project("{FAE04EC0-301F-11D3-BF4B-00C04F79EFBC}") = "VspWS.Common.Tests.Unit", "VspWS.Common.Tests.Unit\VspWS.Common.Tests.Unit.csproj", "{5F325777-7CF9-41CD-BDF1-50DF7C93DEBA}"
EndProject
Project("{FAE04EC0-301F-11D3-BF4B-00C04F79EFBC}") = "VspWS.Plugins", "VspWS.Plugins\VspWS.Plugins.csproj", "{5228CF73-5068-460E-84BB-561705407F79}"
EndProject
Project("{FAE04EC0-301F-11D3-BF4B-00C04F79EFBC}") = "VspWS.MessageReceiverService.Tests.Performance", "VspWS.MessageReceiverService.Tests.Performance\VspWS.MessageReceiverService.Tests.Performance.csproj", "{AB87DE57-58E9-4680-AD57-E52C64253607}"
EndProject
Project("{FAE04EC0-301F-11D3-BF4B-00C04F79EFBC}") = "VspWS.Data", "VspWS.Data\VspWS.Data.csproj", "{3C3FAA6F-564C-4CDD-BA29-BBF259EB5C39}"
EndProject
Project("{FAE04EC0-301F-11D3-BF4B-00C04F79EFBC}") = "VspWS.DataAccess", "VspWS.DataAccess\VspWS.DataAccess.csproj", "{DE202E40-AE51-44F2-B69C-65A2EBB639F2}"
EndProject
Project("{FAE04EC0-301F-11D3-BF4B-00C04F79EFBC}") = "VspWS.BusinessLogic", "VspWS.BusinessLogic\VspWS.BusinessLogic.csproj", "{06756283-3445-44E9-9867-8745233C0CB1}"
EndProject
Global
	GlobalSection(SolutionConfigurationPlatforms) = preSolution
		Debug|Any CPU = Debug|Any CPU
		Release|Any CPU = Release|Any CPU
	EndGlobalSection
	GlobalSection(ProjectConfigurationPlatforms) = postSolution
		{C44E01E3-4023-47D2-AE39-6C5EDBD3B2F6}.Debug|Any CPU.ActiveCfg = Debug|Any CPU
		{C44E01E3-4023-47D2-AE39-6C5EDBD3B2F6}.Debug|Any CPU.Build.0 = Debug|Any CPU
		{C44E01E3-4023-47D2-AE39-6C5EDBD3B2F6}.Release|Any CPU.ActiveCfg = Release|Any CPU
		{C44E01E3-4023-47D2-AE39-6C5EDBD3B2F6}.Release|Any CPU.Build.0 = Release|Any CPU
		{110745E8-6004-46CA-8499-6977998C0408}.Debug|Any CPU.ActiveCfg = Debug|Any CPU
		{110745E8-6004-46CA-8499-6977998C0408}.Debug|Any CPU.Build.0 = Debug|Any CPU
		{110745E8-6004-46CA-8499-6977998C0408}.Release|Any CPU.ActiveCfg = Release|Any CPU
		{110745E8-6004-46CA-8499-6977998C0408}.Release|Any CPU.Build.0 = Release|Any CPU
		{FFB54664-81E0-46B9-9320-88D2D805AC20}.Debug|Any CPU.ActiveCfg = Debug|Any CPU
		{FFB54664-81E0-46B9-9320-88D2D805AC20}.Debug|Any CPU.Build.0 = Debug|Any CPU
		{FFB54664-81E0-46B9-9320-88D2D805AC20}.Release|Any CPU.ActiveCfg = Release|Any CPU
		{FFB54664-81E0-46B9-9320-88D2D805AC20}.Release|Any CPU.Build.0 = Release|Any CPU
		{5F325777-7CF9-41CD-BDF1-50DF7C93DEBA}.Debug|Any CPU.ActiveCfg = Debug|Any CPU
		{5F325777-7CF9-41CD-BDF1-50DF7C93DEBA}.Debug|Any CPU.Build.0 = Debug|Any CPU
		{5F325777-7CF9-41CD-BDF1-50DF7C93DEBA}.Release|Any CPU.ActiveCfg = Release|Any CPU
		{5F325777-7CF9-41CD-BDF1-50DF7C93DEBA}.Release|Any CPU.Build.0 = Release|Any CPU
		{5228CF73-5068-460E-84BB-561705407F79}.Debug|Any CPU.ActiveCfg = Debug|Any CPU
		{5228CF73-5068-460E-84BB-561705407F79}.Debug|Any CPU.Build.0 = Debug|Any CPU
		{5228CF73-5068-460E-84BB-561705407F79}.Release|Any CPU.ActiveCfg = Release|Any CPU
		{5228CF73-5068-460E-84BB-561705407F79}.Release|Any CPU.Build.0 = Release|Any CPU
		{AB87DE57-58E9-4680-AD57-E52C64253607}.Debug|Any CPU.ActiveCfg = Debug|Any CPU
		{AB87DE57-58E9-4680-AD57-E52C64253607}.Debug|Any CPU.Build.0 = Debug|Any CPU
		{AB87DE57-58E9-4680-AD57-E52C64253607}.Release|Any CPU.ActiveCfg = Release|Any CPU
		{AB87DE57-58E9-4680-AD57-E52C64253607}.Release|Any CPU.Build.0 = Release|Any CPU
		{3C3FAA6F-564C-4CDD-BA29-BBF259EB5C39}.Debug|Any CPU.ActiveCfg = Debug|Any CPU
		{3C3FAA6F-564C-4CDD-BA29-BBF259EB5C39}.Debug|Any CPU.Build.0 = Debug|Any CPU
		{3C3FAA6F-564C-4CDD-BA29-BBF259EB5C39}.Release|Any CPU.ActiveCfg = Release|Any CPU
		{3C3FAA6F-564C-4CDD-BA29-BBF259EB5C39}.Release|Any CPU.Build.0 = Release|Any CPU
		{DE202E40-AE51-44F2-B69C-65A2EBB639F2}.Debug|Any CPU.ActiveCfg = Debug|Any CPU
		{DE202E40-AE51-44F2-B69C-65A2EBB639F2}.Debug|Any CPU.Build.0 = Debug|Any CPU
		{DE202E40-AE51-44F2-B69C-65A2EBB639F2}.Release|Any CPU.ActiveCfg = Release|Any CPU
		{DE202E40-AE51-44F2-B69C-65A2EBB639F2}.Release|Any CPU.Build.0 = Release|Any CPU
		{06756283-3445-44E9-9867-8745233C0CB1}.Debug|Any CPU.ActiveCfg = Debug|Any CPU
		{06756283-3445-44E9-9867-8745233C0CB1}.Debug|Any CPU.Build.0 = Debug|Any CPU
		{06756283-3445-44E9-9867-8745233C0CB1}.Release|Any CPU.ActiveCfg = Release|Any CPU
		{06756283-3445-44E9-9867-8745233C0CB1}.Release|Any CPU.Build.0 = Release|Any CPU
	EndGlobalSection
	GlobalSection(SolutionProperties) = preSolution
		HideSolutionNode = FALSE
	EndGlobalSection
EndGlobal
